
Microsoft Visual Studio Solution File, Format Version 12.00
# Visual Studio Version 17
VisualStudioVersion = 17.12.35527.113
MinimumVisualStudioVersion = 10.0.40219.1
Project("{2150E333-8FDC-42A3-9474-1A3956D46DE8}") = "src", "src", "{BFB987F3-47B5-4FC7-BBA2-9123B2AA03C6}"
EndProject
Project("{2150E333-8FDC-42A3-9474-1A3956D46DE8}") = "services", "services", "{A9C4B69E-E5E3-40E5-A1F2-AEE7E0139DE6}"
EndProject
Project("{2150E333-8FDC-42A3-9474-1A3956D46DE8}") = "catalog", "catalog", "{ECDF2ADD-6ADC-450D-BA96-B43B309794D1}"
EndProject
Project("{FAE04EC0-301F-11D3-BF4B-00C04F79EFBC}") = "MicroerviceOrnegi.Catalog.API", "MicroerviceOrnegi.Catalog.API\MicroerviceOrnegi.Catalog.API.csproj", "{A42CB454-B563-4906-B19C-57E7F9DC67C1}"
EndProject
Project("{E53339B2-1760-4266-BCC7-CA923CBCF16C}") = "docker-compose", "docker-compose.dcproj", "{B18CC627-7E7C-434F-9DB9-54D3DC74CC3A}"
EndProject
Project("{2150E333-8FDC-42A3-9474-1A3956D46DE8}") = "shared", "shared", "{C9D550BA-76F7-4F09-A939-370450CD083E}"
EndProject
Project("{FAE04EC0-301F-11D3-BF4B-00C04F79EFBC}") = "MicroerviceOrnegi.Shared", "MicroerviceOrnegi.Shared\MicroerviceOrnegi.Shared.csproj", "{1133153A-1F36-4A84-97A5-05B36C2EA381}"
EndProject
Project("{2150E333-8FDC-42A3-9474-1A3956D46DE8}") = "discount", "discount", "{6E4BFD97-3120-4F4D-9533-BDD430ABC2B5}"
EndProject
Project("{FAE04EC0-301F-11D3-BF4B-00C04F79EFBC}") = "MicroerviceOrnegi.Discount.API", "MicroerviceOrnegi.Discount.API\MicroerviceOrnegi.Discount.API.csproj", "{3EA1CC96-BD84-40E2-A8A7-E7840BA1A63D}"
EndProject
Project("{2150E333-8FDC-42A3-9474-1A3956D46DE8}") = "basket", "basket", "{270E5439-511A-4FD2-A1C1-4349A76687AC}"
EndProject
Project("{FAE04EC0-301F-11D3-BF4B-00C04F79EFBC}") = "MicroerviceOrnegi.Basket.API", "MicroerviceOrnegi.Basket.API\MicroerviceOrnegi.Basket.API.csproj", "{E416E39F-5BD6-4B6D-85F1-7FC485EA721E}"
EndProject
Project("{2150E333-8FDC-42A3-9474-1A3956D46DE8}") = "file", "file", "{FE6A3F09-3063-4352-8599-FB64191F9844}"
EndProject
Project("{FAE04EC0-301F-11D3-BF4B-00C04F79EFBC}") = "MicroerviceOrnegi.File.API", "MicroerviceOrnegi.File.API\MicroerviceOrnegi.File.API.csproj", "{D2C14CF9-9907-4490-9F10-E72B5D271557}"
EndProject
Project("{2150E333-8FDC-42A3-9474-1A3956D46DE8}") = "order", "order", "{1D8A19CA-ACE4-4240-9E43-50412ADC39E3}"
EndProject
Project("{2150E333-8FDC-42A3-9474-1A3956D46DE8}") = "api", "api", "{F75EA0CA-2199-423B-81B6-4DC734CDCBA2}"
EndProject
Project("{2150E333-8FDC-42A3-9474-1A3956D46DE8}") = "core", "core", "{4025C997-640C-4D9D-829B-FDE94C103E1C}"
EndProject
Project("{2150E333-8FDC-42A3-9474-1A3956D46DE8}") = "infrastructure", "infrastructure", "{AF7C4E66-BFC1-4799-9AF3-8203779F25A6}"
EndProject
Project("{FAE04EC0-301F-11D3-BF4B-00C04F79EFBC}") = "MicroerviceOrnegi.Order.API", "MicroerviceOrnegi.Order.API\MicroerviceOrnegi.Order.API.csproj", "{2EC41211-6E63-4ADB-A1CB-41F40D3A4283}"
EndProject
Project("{FAE04EC0-301F-11D3-BF4B-00C04F79EFBC}") = "MicroerviceOrnegi.Order.Application", "MicroerviceOrnegi.Order.Application\MicroerviceOrnegi.Order.Application.csproj", "{5246569E-82FB-435A-B70B-D8A61A581F1C}"
EndProject
Project("{FAE04EC0-301F-11D3-BF4B-00C04F79EFBC}") = "MicroerviceOrnegi.Order.Domain", "MicroerviceOrnegi.Order.Domain\MicroerviceOrnegi.Order.Domain.csproj", "{15A12BC7-1389-458C-849A-58D1C2A9901C}"
EndProject
Project("{FAE04EC0-301F-11D3-BF4B-00C04F79EFBC}") = "MicroerviceOrnegi.Order.Persistence", "MicroerviceOrnegi.Order.Persistence\MicroerviceOrnegi.Order.Persistence.csproj", "{6D2E0C09-11E1-40C2-8339-E49336EEEAE1}"
EndProject
Project("{2150E333-8FDC-42A3-9474-1A3956D46DE8}") = "payment", "payment", "{2E474BB9-6C47-45DA-A1CE-E35B21E36F46}"
EndProject
Project("{FAE04EC0-301F-11D3-BF4B-00C04F79EFBC}") = "MicroerviceOrnegi.Payment.API", "MicroerviceOrnegi.Payment.API\MicroerviceOrnegi.Payment.API.csproj", "{6C801E50-D470-4F34-9BBA-CAA8BA5DC684}"
EndProject
Project("{2150E333-8FDC-42A3-9474-1A3956D46DE8}") = "gateway", "gateway", "{F599CD31-1132-4A00-BFD5-CC6052135D6E}"
EndProject
Project("{FAE04EC0-301F-11D3-BF4B-00C04F79EFBC}") = "MicroerviceOrnegi.Gateway", "MicroerviceOrnegi.Gateway\MicroerviceOrnegi.Gateway.csproj", "{5CB884BB-DA72-45D8-95D6-A903C8BC8541}"
EndProject
Global
	GlobalSection(SolutionConfigurationPlatforms) = preSolution
		Debug|Any CPU = Debug|Any CPU
		Release|Any CPU = Release|Any CPU
	EndGlobalSection
	GlobalSection(ProjectConfigurationPlatforms) = postSolution
		{A42CB454-B563-4906-B19C-57E7F9DC67C1}.Debug|Any CPU.ActiveCfg = Debug|Any CPU
		{A42CB454-B563-4906-B19C-57E7F9DC67C1}.Debug|Any CPU.Build.0 = Debug|Any CPU
		{A42CB454-B563-4906-B19C-57E7F9DC67C1}.Release|Any CPU.ActiveCfg = Release|Any CPU
		{A42CB454-B563-4906-B19C-57E7F9DC67C1}.Release|Any CPU.Build.0 = Release|Any CPU
		{B18CC627-7E7C-434F-9DB9-54D3DC74CC3A}.Debug|Any CPU.ActiveCfg = Debug|Any CPU
		{B18CC627-7E7C-434F-9DB9-54D3DC74CC3A}.Debug|Any CPU.Build.0 = Debug|Any CPU
		{B18CC627-7E7C-434F-9DB9-54D3DC74CC3A}.Release|Any CPU.ActiveCfg = Release|Any CPU
		{B18CC627-7E7C-434F-9DB9-54D3DC74CC3A}.Release|Any CPU.Build.0 = Release|Any CPU
		{1133153A-1F36-4A84-97A5-05B36C2EA381}.Debug|Any CPU.ActiveCfg = Debug|Any CPU
		{1133153A-1F36-4A84-97A5-05B36C2EA381}.Debug|Any CPU.Build.0 = Debug|Any CPU
		{1133153A-1F36-4A84-97A5-05B36C2EA381}.Release|Any CPU.ActiveCfg = Release|Any CPU
		{1133153A-1F36-4A84-97A5-05B36C2EA381}.Release|Any CPU.Build.0 = Release|Any CPU
		{3EA1CC96-BD84-40E2-A8A7-E7840BA1A63D}.Debug|Any CPU.ActiveCfg = Debug|Any CPU
		{3EA1CC96-BD84-40E2-A8A7-E7840BA1A63D}.Debug|Any CPU.Build.0 = Debug|Any CPU
		{3EA1CC96-BD84-40E2-A8A7-E7840BA1A63D}.Release|Any CPU.ActiveCfg = Release|Any CPU
		{3EA1CC96-BD84-40E2-A8A7-E7840BA1A63D}.Release|Any CPU.Build.0 = Release|Any CPU
		{E416E39F-5BD6-4B6D-85F1-7FC485EA721E}.Debug|Any CPU.ActiveCfg = Debug|Any CPU
		{E416E39F-5BD6-4B6D-85F1-7FC485EA721E}.Debug|Any CPU.Build.0 = Debug|Any CPU
		{E416E39F-5BD6-4B6D-85F1-7FC485EA721E}.Release|Any CPU.ActiveCfg = Release|Any CPU
		{E416E39F-5BD6-4B6D-85F1-7FC485EA721E}.Release|Any CPU.Build.0 = Release|Any CPU
		{D2C14CF9-9907-4490-9F10-E72B5D271557}.Debug|Any CPU.ActiveCfg = Debug|Any CPU
		{D2C14CF9-9907-4490-9F10-E72B5D271557}.Debug|Any CPU.Build.0 = Debug|Any CPU
		{D2C14CF9-9907-4490-9F10-E72B5D271557}.Release|Any CPU.ActiveCfg = Release|Any CPU
		{D2C14CF9-9907-4490-9F10-E72B5D271557}.Release|Any CPU.Build.0 = Release|Any CPU
		{2EC41211-6E63-4ADB-A1CB-41F40D3A4283}.Debug|Any CPU.ActiveCfg = Debug|Any CPU
		{2EC41211-6E63-4ADB-A1CB-41F40D3A4283}.Debug|Any CPU.Build.0 = Debug|Any CPU
		{2EC41211-6E63-4ADB-A1CB-41F40D3A4283}.Release|Any CPU.ActiveCfg = Release|Any CPU
		{2EC41211-6E63-4ADB-A1CB-41F40D3A4283}.Release|Any CPU.Build.0 = Release|Any CPU
		{5246569E-82FB-435A-B70B-D8A61A581F1C}.Debug|Any CPU.ActiveCfg = Debug|Any CPU
		{5246569E-82FB-435A-B70B-D8A61A581F1C}.Debug|Any CPU.Build.0 = Debug|Any CPU
		{5246569E-82FB-435A-B70B-D8A61A581F1C}.Release|Any CPU.ActiveCfg = Release|Any CPU
		{5246569E-82FB-435A-B70B-D8A61A581F1C}.Release|Any CPU.Build.0 = Release|Any CPU
		{15A12BC7-1389-458C-849A-58D1C2A9901C}.Debug|Any CPU.ActiveCfg = Debug|Any CPU
		{15A12BC7-1389-458C-849A-58D1C2A9901C}.Debug|Any CPU.Build.0 = Debug|Any CPU
		{15A12BC7-1389-458C-849A-58D1C2A9901C}.Release|Any CPU.ActiveCfg = Release|Any CPU
		{15A12BC7-1389-458C-849A-58D1C2A9901C}.Release|Any CPU.Build.0 = Release|Any CPU
		{6D2E0C09-11E1-40C2-8339-E49336EEEAE1}.Debug|Any CPU.ActiveCfg = Debug|Any CPU
		{6D2E0C09-11E1-40C2-8339-E49336EEEAE1}.Debug|Any CPU.Build.0 = Debug|Any CPU
		{6D2E0C09-11E1-40C2-8339-E49336EEEAE1}.Release|Any CPU.ActiveCfg = Release|Any CPU
		{6D2E0C09-11E1-40C2-8339-E49336EEEAE1}.Release|Any CPU.Build.0 = Release|Any CPU
		{6C801E50-D470-4F34-9BBA-CAA8BA5DC684}.Debug|Any CPU.ActiveCfg = Debug|Any CPU
		{6C801E50-D470-4F34-9BBA-CAA8BA5DC684}.Debug|Any CPU.Build.0 = Debug|Any CPU
		{6C801E50-D470-4F34-9BBA-CAA8BA5DC684}.Release|Any CPU.ActiveCfg = Release|Any CPU
		{6C801E50-D470-4F34-9BBA-CAA8BA5DC684}.Release|Any CPU.Build.0 = Release|Any CPU
		{5CB884BB-DA72-45D8-95D6-A903C8BC8541}.Debug|Any CPU.ActiveCfg = Debug|Any CPU
		{5CB884BB-DA72-45D8-95D6-A903C8BC8541}.Debug|Any CPU.Build.0 = Debug|Any CPU
		{5CB884BB-DA72-45D8-95D6-A903C8BC8541}.Release|Any CPU.ActiveCfg = Release|Any CPU
		{5CB884BB-DA72-45D8-95D6-A903C8BC8541}.Release|Any CPU.Build.0 = Release|Any CPU
	EndGlobalSection
	GlobalSection(SolutionProperties) = preSolution
		HideSolutionNode = FALSE
	EndGlobalSection
	GlobalSection(NestedProjects) = preSolution
		{A9C4B69E-E5E3-40E5-A1F2-AEE7E0139DE6} = {BFB987F3-47B5-4FC7-BBA2-9123B2AA03C6}
		{ECDF2ADD-6ADC-450D-BA96-B43B309794D1} = {A9C4B69E-E5E3-40E5-A1F2-AEE7E0139DE6}
		{A42CB454-B563-4906-B19C-57E7F9DC67C1} = {ECDF2ADD-6ADC-450D-BA96-B43B309794D1}
		{C9D550BA-76F7-4F09-A939-370450CD083E} = {BFB987F3-47B5-4FC7-BBA2-9123B2AA03C6}
		{1133153A-1F36-4A84-97A5-05B36C2EA381} = {C9D550BA-76F7-4F09-A939-370450CD083E}
		{6E4BFD97-3120-4F4D-9533-BDD430ABC2B5} = {A9C4B69E-E5E3-40E5-A1F2-AEE7E0139DE6}
		{3EA1CC96-BD84-40E2-A8A7-E7840BA1A63D} = {6E4BFD97-3120-4F4D-9533-BDD430ABC2B5}
		{270E5439-511A-4FD2-A1C1-4349A76687AC} = {A9C4B69E-E5E3-40E5-A1F2-AEE7E0139DE6}
		{E416E39F-5BD6-4B6D-85F1-7FC485EA721E} = {270E5439-511A-4FD2-A1C1-4349A76687AC}
		{FE6A3F09-3063-4352-8599-FB64191F9844} = {A9C4B69E-E5E3-40E5-A1F2-AEE7E0139DE6}
		{D2C14CF9-9907-4490-9F10-E72B5D271557} = {FE6A3F09-3063-4352-8599-FB64191F9844}
		{1D8A19CA-ACE4-4240-9E43-50412ADC39E3} = {A9C4B69E-E5E3-40E5-A1F2-AEE7E0139DE6}
		{F75EA0CA-2199-423B-81B6-4DC734CDCBA2} = {1D8A19CA-ACE4-4240-9E43-50412ADC39E3}
		{4025C997-640C-4D9D-829B-FDE94C103E1C} = {1D8A19CA-ACE4-4240-9E43-50412ADC39E3}
		{AF7C4E66-BFC1-4799-9AF3-8203779F25A6} = {1D8A19CA-ACE4-4240-9E43-50412ADC39E3}
		{2EC41211-6E63-4ADB-A1CB-41F40D3A4283} = {F75EA0CA-2199-423B-81B6-4DC734CDCBA2}
		{5246569E-82FB-435A-B70B-D8A61A581F1C} = {4025C997-640C-4D9D-829B-FDE94C103E1C}
		{15A12BC7-1389-458C-849A-58D1C2A9901C} = {4025C997-640C-4D9D-829B-FDE94C103E1C}
		{6D2E0C09-11E1-40C2-8339-E49336EEEAE1} = {AF7C4E66-BFC1-4799-9AF3-8203779F25A6}
		{2E474BB9-6C47-45DA-A1CE-E35B21E36F46} = {A9C4B69E-E5E3-40E5-A1F2-AEE7E0139DE6}
		{6C801E50-D470-4F34-9BBA-CAA8BA5DC684} = {2E474BB9-6C47-45DA-A1CE-E35B21E36F46}
		{F599CD31-1132-4A00-BFD5-CC6052135D6E} = {A9C4B69E-E5E3-40E5-A1F2-AEE7E0139DE6}
		{5CB884BB-DA72-45D8-95D6-A903C8BC8541} = {F599CD31-1132-4A00-BFD5-CC6052135D6E}
	EndGlobalSection
EndGlobal
