
Microsoft Visual Studio Solution File, Format Version 12.00
# Visual Studio Version 17
VisualStudioVersion = 17.12.35527.113
MinimumVisualStudioVersion = 10.0.40219.1
Project("{2150E333-8FDC-42A3-9474-1A3956D46DE8}") = "src", "src", "{BFB987F3-47B5-4FC7-BBA2-9123B2AA03C6}"
EndProject
Project("{2150E333-8FDC-42A3-9474-1A3956D46DE8}") = "services", "services", "{A9C4B69E-E5E3-40E5-A1F2-AEE7E0139DE6}"
EndProject
Project("{2150E333-8FDC-42A3-9474-1A3956D46DE8}") = "catalog", "catalog", "{ECDF2ADD-6ADC-450D-BA96-B43B309794D1}"
EndProject
Project("{FAE04EC0-301F-11D3-BF4B-00C04F79EFBC}") = "MicroerviceOrnegi.Catalog.API", "MicroerviceOrnegi.Catalog.API\MicroerviceOrnegi.Catalog.API.csproj", "{A42CB454-B563-4906-B19C-57E7F9DC67C1}"
EndProject
Project("{E53339B2-1760-4266-BCC7-CA923CBCF16C}") = "docker-compose", "docker-compose.dcproj", "{B18CC627-7E7C-434F-9DB9-54D3DC74CC3A}"
EndProject
Project("{2150E333-8FDC-42A3-9474-1A3956D46DE8}") = "shared", "shared", "{C9D550BA-76F7-4F09-A939-370450CD083E}"
EndProject
Project("{FAE04EC0-301F-11D3-BF4B-00C04F79EFBC}") = "MicroerviceOrnegi.Shared", "MicroerviceOrnegi.Shared\MicroerviceOrnegi.Shared.csproj", "{1133153A-1F36-4A84-97A5-05B36C2EA381}"
EndProject
Project("{2150E333-8FDC-42A3-9474-1A3956D46DE8}") = "discount", "discount", "{6E4BFD97-3120-4F4D-9533-BDD430ABC2B5}"
EndProject
Project("{FAE04EC0-301F-11D3-BF4B-00C04F79EFBC}") = "MicroerviceOrnegi.Discount.API", "MicroerviceOrnegi.Discount.API\MicroerviceOrnegi.Discount.API.csproj", "{3EA1CC96-BD84-40E2-A8A7-E7840BA1A63D}"
EndProject
Project("{2150E333-8FDC-42A3-9474-1A3956D46DE8}") = "basket", "basket", "{270E5439-511A-4FD2-A1C1-4349A76687AC}"
EndProject
Project("{FAE04EC0-301F-11D3-BF4B-00C04F79EFBC}") = "MicroerviceOrnegi.Basket.API", "MicroerviceOrnegi.Basket.API\MicroerviceOrnegi.Basket.API.csproj", "{E416E39F-5BD6-4B6D-85F1-7FC485EA721E}"
EndProject
Global
	GlobalSection(SolutionConfigurationPlatforms) = preSolution
		Debug|Any CPU = Debug|Any CPU
		Release|Any CPU = Release|Any CPU
	EndGlobalSection
	GlobalSection(ProjectConfigurationPlatforms) = postSolution
		{A42CB454-B563-4906-B19C-57E7F9DC67C1}.Debug|Any CPU.ActiveCfg = Debug|Any CPU
		{A42CB454-B563-4906-B19C-57E7F9DC67C1}.Debug|Any CPU.Build.0 = Debug|Any CPU
		{A42CB454-B563-4906-B19C-57E7F9DC67C1}.Release|Any CPU.ActiveCfg = Release|Any CPU
		{A42CB454-B563-4906-B19C-57E7F9DC67C1}.Release|Any CPU.Build.0 = Release|Any CPU
		{B18CC627-7E7C-434F-9DB9-54D3DC74CC3A}.Debug|Any CPU.ActiveCfg = Debug|Any CPU
		{B18CC627-7E7C-434F-9DB9-54D3DC74CC3A}.Debug|Any CPU.Build.0 = Debug|Any CPU
		{B18CC627-7E7C-434F-9DB9-54D3DC74CC3A}.Release|Any CPU.ActiveCfg = Release|Any CPU
		{B18CC627-7E7C-434F-9DB9-54D3DC74CC3A}.Release|Any CPU.Build.0 = Release|Any CPU
		{1133153A-1F36-4A84-97A5-05B36C2EA381}.Debug|Any CPU.ActiveCfg = Debug|Any CPU
		{1133153A-1F36-4A84-97A5-05B36C2EA381}.Debug|Any CPU.Build.0 = Debug|Any CPU
		{1133153A-1F36-4A84-97A5-05B36C2EA381}.Release|Any CPU.ActiveCfg = Release|Any CPU
		{1133153A-1F36-4A84-97A5-05B36C2EA381}.Release|Any CPU.Build.0 = Release|Any CPU
		{3EA1CC96-BD84-40E2-A8A7-E7840BA1A63D}.Debug|Any CPU.ActiveCfg = Debug|Any CPU
		{3EA1CC96-BD84-40E2-A8A7-E7840BA1A63D}.Debug|Any CPU.Build.0 = Debug|Any CPU
		{3EA1CC96-BD84-40E2-A8A7-E7840BA1A63D}.Release|Any CPU.ActiveCfg = Release|Any CPU
		{3EA1CC96-BD84-40E2-A8A7-E7840BA1A63D}.Release|Any CPU.Build.0 = Release|Any CPU
		{E416E39F-5BD6-4B6D-85F1-7FC485EA721E}.Debug|Any CPU.ActiveCfg = Debug|Any CPU
		{E416E39F-5BD6-4B6D-85F1-7FC485EA721E}.Debug|Any CPU.Build.0 = Debug|Any CPU
		{E416E39F-5BD6-4B6D-85F1-7FC485EA721E}.Release|Any CPU.ActiveCfg = Release|Any CPU
		{E416E39F-5BD6-4B6D-85F1-7FC485EA721E}.Release|Any CPU.Build.0 = Release|Any CPU
	EndGlobalSection
	GlobalSection(SolutionProperties) = preSolution
		HideSolutionNode = FALSE
	EndGlobalSection
	GlobalSection(NestedProjects) = preSolution
		{A9C4B69E-E5E3-40E5-A1F2-AEE7E0139DE6} = {BFB987F3-47B5-4FC7-BBA2-9123B2AA03C6}
		{ECDF2ADD-6ADC-450D-BA96-B43B309794D1} = {A9C4B69E-E5E3-40E5-A1F2-AEE7E0139DE6}
		{A42CB454-B563-4906-B19C-57E7F9DC67C1} = {ECDF2ADD-6ADC-450D-BA96-B43B309794D1}
		{C9D550BA-76F7-4F09-A939-370450CD083E} = {BFB987F3-47B5-4FC7-BBA2-9123B2AA03C6}
		{1133153A-1F36-4A84-97A5-05B36C2EA381} = {C9D550BA-76F7-4F09-A939-370450CD083E}
		{6E4BFD97-3120-4F4D-9533-BDD430ABC2B5} = {A9C4B69E-E5E3-40E5-A1F2-AEE7E0139DE6}
		{3EA1CC96-BD84-40E2-A8A7-E7840BA1A63D} = {6E4BFD97-3120-4F4D-9533-BDD430ABC2B5}
		{270E5439-511A-4FD2-A1C1-4349A76687AC} = {A9C4B69E-E5E3-40E5-A1F2-AEE7E0139DE6}
		{E416E39F-5BD6-4B6D-85F1-7FC485EA721E} = {270E5439-511A-4FD2-A1C1-4349A76687AC}
	EndGlobalSection
EndGlobal
